
Microsoft Visual Studio Solution File, Format Version 12.00
# Visual Studio Version 17
VisualStudioVersion = 17.1.32414.318
MinimumVisualStudioVersion = 10.0.40219.1
Project("{FAE04EC0-301F-11D3-BF4B-00C04F79EFBC}") = "Template_Method", "Template_Method\Template_Method.csproj", "{4ADBF6F1-560B-4E2E-AAB9-788BEE87F6CF}"
EndProject
Project("{FAE04EC0-301F-11D3-BF4B-00C04F79EFBC}") = "Template_Method_PageTemplate", "Template_Method_PageTemplate\Template_Method_PageTemplate.csproj", "{599F4496-BA2C-464B-B322-D84C058F7C24}"
EndProject
Global
	GlobalSection(SolutionConfigurationPlatforms) = preSolution
		Debug|Any CPU = Debug|Any CPU
		Release|Any CPU = Release|Any CPU
	EndGlobalSection
	GlobalSection(ProjectConfigurationPlatforms) = postSolution
		{4ADBF6F1-560B-4E2E-AAB9-788BEE87F6CF}.Debug|Any CPU.ActiveCfg = Debug|Any CPU
		{4ADBF6F1-560B-4E2E-AAB9-788BEE87F6CF}.Debug|Any CPU.Build.0 = Debug|Any CPU
		{4ADBF6F1-560B-4E2E-AAB9-788BEE87F6CF}.Release|Any CPU.ActiveCfg = Release|Any CPU
		{4ADBF6F1-560B-4E2E-AAB9-788BEE87F6CF}.Release|Any CPU.Build.0 = Release|Any CPU
		{599F4496-BA2C-464B-B322-D84C058F7C24}.Debug|Any CPU.ActiveCfg = Debug|Any CPU
		{599F4496-BA2C-464B-B322-D84C058F7C24}.Debug|Any CPU.Build.0 = Debug|Any CPU
		{599F4496-BA2C-464B-B322-D84C058F7C24}.Release|Any CPU.ActiveCfg = Release|Any CPU
		{599F4496-BA2C-464B-B322-D84C058F7C24}.Release|Any CPU.Build.0 = Release|Any CPU
	EndGlobalSection
	GlobalSection(SolutionProperties) = preSolution
		HideSolutionNode = FALSE
	EndGlobalSection
	GlobalSection(ExtensibilityGlobals) = postSolution
		SolutionGuid = {518F1385-659C-4A1A-BD8E-E6FFBFB128AE}
	EndGlobalSection
EndGlobal
